
Microsoft Visual Studio Solution File, Format Version 12.00
# Visual Studio 15
VisualStudioVersion = 15.0.28010.2016
MinimumVisualStudioVersion = 10.0.40219.1
Project("{FAE04EC0-301F-11D3-BF4B-00C04F79EFBC}") = "DogwatchEpi", "DogwatchEpi\DogwatchEpi.csproj", "{A41844FC-CFE3-45BA-AEDB-2682D8546242}"
EndProject
Global
	GlobalSection(SolutionConfigurationPlatforms) = preSolution
		Debug|Any CPU = Debug|Any CPU
		Release|Any CPU = Release|Any CPU
	EndGlobalSection
	GlobalSection(ProjectConfigurationPlatforms) = postSolution
		{A41844FC-CFE3-45BA-AEDB-2682D8546242}.Debug|Any CPU.ActiveCfg = Debug|Any CPU
		{A41844FC-CFE3-45BA-AEDB-2682D8546242}.Debug|Any CPU.Build.0 = Debug|Any CPU
		{A41844FC-CFE3-45BA-AEDB-2682D8546242}.Release|Any CPU.ActiveCfg = Release|Any CPU
		{A41844FC-CFE3-45BA-AEDB-2682D8546242}.Release|Any CPU.Build.0 = Release|Any CPU
	EndGlobalSection
	GlobalSection(SolutionProperties) = preSolution
		HideSolutionNode = FALSE
	EndGlobalSection
	GlobalSection(ExtensibilityGlobals) = postSolution
		SolutionGuid = {53871B23-78C1-450A-9DB0-E6F1E50ABC04}
	EndGlobalSection
EndGlobal
